// !$*UTF8*$!
{
	archiveVersion = 1;
	classes = {
	};
	objectVersion = 56;
	objects = {

/* Begin PBXBuildFile section */
		390660582E5865DD0068157E /* SettingsView.swift in Sources */ = {isa = PBXBuildFile; fileRef = 390660572E5865D80068157E /* SettingsView.swift */; };
		391013302E4B465E005DDD2C /* Localizable.xcstrings in Resources */ = {isa = PBXBuildFile; fileRef = 3910132F2E4B465E005DDD2C /* Localizable.xcstrings */; };
		391013322E4B5139005DDD2C /* ErrorView.swift in Sources */ = {isa = PBXBuildFile; fileRef = 391013312E4B5136005DDD2C /* ErrorView.swift */; };
		39169EFA2E4A042E00BB44B5 /* LandingView.swift in Sources */ = {isa = PBXBuildFile; fileRef = 39169EF92E4A042800BB44B5 /* LandingView.swift */; };
		392A62BE2E5EC1E1002DE1B0 /* ProgressCircleview.swift in Sources */ = {isa = PBXBuildFile; fileRef = 392A62BD2E5EC1B4002DE1B0 /* ProgressCircleview.swift */; };
		392A62C02E5F1461002DE1B0 /* ActivityCard.swift in Sources */ = {isa = PBXBuildFile; fileRef = 392A62BF2E5F1459002DE1B0 /* ActivityCard.swift */; };
		39555BAF2E4F337600710F1C /* AppUtils.swift in Sources */ = {isa = PBXBuildFile; fileRef = 39555BAE2E4F336E00710F1C /* AppUtils.swift */; };
		396B639C2E337D66007E4014 /* RootView.swift in Sources */ = {isa = PBXBuildFile; fileRef = 396B639B2E337D66007E4014 /* RootView.swift */; };
		396B639E2E337D67007E4014 /* Assets.xcassets in Resources */ = {isa = PBXBuildFile; fileRef = 396B639D2E337D67007E4014 /* Assets.xcassets */; };
		396B63A12E337D67007E4014 /* Preview Assets.xcassets in Resources */ = {isa = PBXBuildFile; fileRef = 396B63A02E337D67007E4014 /* Preview Assets.xcassets */; };
		396B63A92E338BAE007E4014 /* CustomTextField.swift in Sources */ = {isa = PBXBuildFile; fileRef = 396B63A82E338BAE007E4014 /* CustomTextField.swift */; };
		396B63AE2E338C85007E4014 /* IoTSynHealthApp.swift in Sources */ = {isa = PBXBuildFile; fileRef = 396B63AD2E338C85007E4014 /* IoTSynHealthApp.swift */; };
		396B63B22E338DC1007E4014 /* LoginView.swift in Sources */ = {isa = PBXBuildFile; fileRef = 396B63B12E338DC1007E4014 /* LoginView.swift */; };
		39B8CB782E4C8066005F030A /* CustomText.swift in Sources */ = {isa = PBXBuildFile; fileRef = 39B8CB772E4C8057005F030A /* CustomText.swift */; };
		39B8CB7B2E4C8311005F030A /* Toolbar.swift in Sources */ = {isa = PBXBuildFile; fileRef = 39B8CB7A2E4C830B005F030A /* Toolbar.swift */; };
		39B8CB7E2E4C8C53005F030A /* ForgotPasswordView.swift in Sources */ = {isa = PBXBuildFile; fileRef = 39B8CB7D2E4C8C46005F030A /* ForgotPasswordView.swift */; };
		39B8CB812E4C99B8005F030A /* RegisterScreen.swift in Sources */ = {isa = PBXBuildFile; fileRef = 39B8CB802E4C99B8005F030A /* RegisterScreen.swift */; };
		39BDC9102E6053DA001FC793 /* Activity.swift in Sources */ = {isa = PBXBuildFile; fileRef = 39BDC90F2E6053D8001FC793 /* Activity.swift */; };
		39BDC9122E6055F8001FC793 /* HomeViewModel.swift in Sources */ = {isa = PBXBuildFile; fileRef = 39BDC9112E6055E7001FC793 /* HomeViewModel.swift */; };
		39BDC9152E605813001FC793 /* HealthManager.swift in Sources */ = {isa = PBXBuildFile; fileRef = 39BDC9142E605806001FC793 /* HealthManager.swift */; };
		39BDC9182E606C37001FC793 /* DateUtil.swift in Sources */ = {isa = PBXBuildFile; fileRef = 39BDC9172E606C31001FC793 /* DateUtil.swift */; };
		39CF53902E4DE18300B45BEE /* CustomTextFieldWithLabel.swift in Sources */ = {isa = PBXBuildFile; fileRef = 39CF538F2E4DE18300B45BEE /* CustomTextFieldWithLabel.swift */; };
		39CF53922E4DE9F800B45BEE /* BaseScrollVStrack.swift in Sources */ = {isa = PBXBuildFile; fileRef = 39CF53912E4DE9E700B45BEE /* BaseScrollVStrack.swift */; };
		39EB5DAB2E45F94800D8E02A /* SplashScreenView.swift in Sources */ = {isa = PBXBuildFile; fileRef = 39EB5DAA2E45F94400D8E02A /* SplashScreenView.swift */; };
		39EB5DAF2E4607E400D8E02A /* NavigationManager.swift in Sources */ = {isa = PBXBuildFile; fileRef = 39EB5DAE2E4607E200D8E02A /* NavigationManager.swift */; };
		39EB5DB22E46087F00D8E02A /* MainView.swift in Sources */ = {isa = PBXBuildFile; fileRef = 39EB5DB12E46087D00D8E02A /* MainView.swift */; };
		39EEB94F2E378B5A00AD2F26 /* CustomButton.swift in Sources */ = {isa = PBXBuildFile; fileRef = 39EEB94E2E378B5A00AD2F26 /* CustomButton.swift */; };
		39FF9B622E55BFA900EC0EE8 /* SideMenuUtil.swift in Sources */ = {isa = PBXBuildFile; fileRef = 39FF9B612E55BFA900EC0EE8 /* SideMenuUtil.swift */; };
		39FF9B642E55C07F00EC0EE8 /* HomeView.swift in Sources */ = {isa = PBXBuildFile; fileRef = 39FF9B632E55C07A00EC0EE8 /* HomeView.swift */; };
		39FF9B672E55D00800EC0EE8 /* MenuItem.swift in Sources */ = {isa = PBXBuildFile; fileRef = 39FF9B662E55CFF800EC0EE8 /* MenuItem.swift */; };
		39FF9B692E55D26C00EC0EE8 /* SideMenuContent.swift in Sources */ = {isa = PBXBuildFile; fileRef = 39FF9B682E55D26400EC0EE8 /* SideMenuContent.swift */; };
		39FF9B6B2E55D9EC00EC0EE8 /* AppSession.swift in Sources */ = {isa = PBXBuildFile; fileRef = 39FF9B6A2E55D9EA00EC0EE8 /* AppSession.swift */; };
/* End PBXBuildFile section */

/* Begin PBXFileReference section */
		390660572E5865D80068157E /* SettingsView.swift */ = {isa = PBXFileReference; lastKnownFileType = sourcecode.swift; path = SettingsView.swift; sourceTree = "<group>"; };
		3910132F2E4B465E005DDD2C /* Localizable.xcstrings */ = {isa = PBXFileReference; lastKnownFileType = text.json.xcstrings; path = Localizable.xcstrings; sourceTree = "<group>"; };
		391013312E4B5136005DDD2C /* ErrorView.swift */ = {isa = PBXFileReference; lastKnownFileType = sourcecode.swift; path = ErrorView.swift; sourceTree = "<group>"; };
		39169EF92E4A042800BB44B5 /* LandingView.swift */ = {isa = PBXFileReference; lastKnownFileType = sourcecode.swift; path = LandingView.swift; sourceTree = "<group>"; };
		392A62BD2E5EC1B4002DE1B0 /* ProgressCircleview.swift */ = {isa = PBXFileReference; lastKnownFileType = sourcecode.swift; path = ProgressCircleview.swift; sourceTree = "<group>"; };
		392A62BF2E5F1459002DE1B0 /* ActivityCard.swift */ = {isa = PBXFileReference; lastKnownFileType = sourcecode.swift; path = ActivityCard.swift; sourceTree = "<group>"; };
		39555BAE2E4F336E00710F1C /* AppUtils.swift */ = {isa = PBXFileReference; lastKnownFileType = sourcecode.swift; path = AppUtils.swift; sourceTree = "<group>"; };
		396B63962E337D66007E4014 /* com.iso.IoTSynHealthApp.app */ = {isa = PBXFileReference; explicitFileType = wrapper.application; includeInIndex = 0; path = com.iso.IoTSynHealthApp.app; sourceTree = BUILT_PRODUCTS_DIR; };
		396B639B2E337D66007E4014 /* RootView.swift */ = {isa = PBXFileReference; lastKnownFileType = sourcecode.swift; path = RootView.swift; sourceTree = "<group>"; };
		396B639D2E337D67007E4014 /* Assets.xcassets */ = {isa = PBXFileReference; lastKnownFileType = folder.assetcatalog; path = Assets.xcassets; sourceTree = "<group>"; };
		396B63A02E337D67007E4014 /* Preview Assets.xcassets */ = {isa = PBXFileReference; lastKnownFileType = folder.assetcatalog; path = "Preview Assets.xcassets"; sourceTree = "<group>"; };
		396B63A82E338BAE007E4014 /* CustomTextField.swift */ = {isa = PBXFileReference; lastKnownFileType = sourcecode.swift; path = CustomTextField.swift; sourceTree = "<group>"; };
		396B63AD2E338C85007E4014 /* IoTSynHealthApp.swift */ = {isa = PBXFileReference; lastKnownFileType = sourcecode.swift; path = IoTSynHealthApp.swift; sourceTree = "<group>"; };
		396B63B12E338DC1007E4014 /* LoginView.swift */ = {isa = PBXFileReference; lastKnownFileType = sourcecode.swift; path = LoginView.swift; sourceTree = "<group>"; };
		3981AB942E616638001082F6 /* com.iso.IoTSynHealthApp.entitlements */ = {isa = PBXFileReference; lastKnownFileType = text.plist.entitlements; path = com.iso.IoTSynHealthApp.entitlements; sourceTree = "<group>"; };
		39B8CB772E4C8057005F030A /* CustomText.swift */ = {isa = PBXFileReference; lastKnownFileType = sourcecode.swift; path = CustomText.swift; sourceTree = "<group>"; };
		39B8CB7A2E4C830B005F030A /* Toolbar.swift */ = {isa = PBXFileReference; lastKnownFileType = sourcecode.swift; path = Toolbar.swift; sourceTree = "<group>"; };
		39B8CB7D2E4C8C46005F030A /* ForgotPasswordView.swift */ = {isa = PBXFileReference; lastKnownFileType = sourcecode.swift; path = ForgotPasswordView.swift; sourceTree = "<group>"; };
		39B8CB802E4C99B8005F030A /* RegisterScreen.swift */ = {isa = PBXFileReference; lastKnownFileType = sourcecode.swift; path = RegisterScreen.swift; sourceTree = "<group>"; };
		39BDC90F2E6053D8001FC793 /* Activity.swift */ = {isa = PBXFileReference; lastKnownFileType = sourcecode.swift; path = Activity.swift; sourceTree = "<group>"; };
		39BDC9112E6055E7001FC793 /* HomeViewModel.swift */ = {isa = PBXFileReference; lastKnownFileType = sourcecode.swift; path = HomeViewModel.swift; sourceTree = "<group>"; };
		39BDC9142E605806001FC793 /* HealthManager.swift */ = {isa = PBXFileReference; lastKnownFileType = sourcecode.swift; path = HealthManager.swift; sourceTree = "<group>"; };
		39BDC9162E605E59001FC793 /* com-iso-IoTSynHealthApp-Info.plist */ = {isa = PBXFileReference; lastKnownFileType = text.plist; path = "com-iso-IoTSynHealthApp-Info.plist"; sourceTree = SOURCE_ROOT; };
		39BDC9172E606C31001FC793 /* DateUtil.swift */ = {isa = PBXFileReference; lastKnownFileType = sourcecode.swift; path = DateUtil.swift; sourceTree = "<group>"; };
		39CF538F2E4DE18300B45BEE /* CustomTextFieldWithLabel.swift */ = {isa = PBXFileReference; lastKnownFileType = sourcecode.swift; path = CustomTextFieldWithLabel.swift; sourceTree = "<group>"; };
		39CF53912E4DE9E700B45BEE /* BaseScrollVStrack.swift */ = {isa = PBXFileReference; lastKnownFileType = sourcecode.swift; path = BaseScrollVStrack.swift; sourceTree = "<group>"; };
		39EB5DAA2E45F94400D8E02A /* SplashScreenView.swift */ = {isa = PBXFileReference; lastKnownFileType = sourcecode.swift; path = SplashScreenView.swift; sourceTree = "<group>"; };
		39EB5DAE2E4607E200D8E02A /* NavigationManager.swift */ = {isa = PBXFileReference; lastKnownFileType = sourcecode.swift; path = NavigationManager.swift; sourceTree = "<group>"; };
		39EB5DB12E46087D00D8E02A /* MainView.swift */ = {isa = PBXFileReference; lastKnownFileType = sourcecode.swift; path = MainView.swift; sourceTree = "<group>"; };
		39EEB94E2E378B5A00AD2F26 /* CustomButton.swift */ = {isa = PBXFileReference; lastKnownFileType = sourcecode.swift; path = CustomButton.swift; sourceTree = "<group>"; };
		39FF9B612E55BFA900EC0EE8 /* SideMenuUtil.swift */ = {isa = PBXFileReference; lastKnownFileType = sourcecode.swift; path = SideMenuUtil.swift; sourceTree = "<group>"; };
		39FF9B632E55C07A00EC0EE8 /* HomeView.swift */ = {isa = PBXFileReference; lastKnownFileType = sourcecode.swift; path = HomeView.swift; sourceTree = "<group>"; };
		39FF9B662E55CFF800EC0EE8 /* MenuItem.swift */ = {isa = PBXFileReference; lastKnownFileType = sourcecode.swift; path = MenuItem.swift; sourceTree = "<group>"; };
		39FF9B682E55D26400EC0EE8 /* SideMenuContent.swift */ = {isa = PBXFileReference; lastKnownFileType = sourcecode.swift; path = SideMenuContent.swift; sourceTree = "<group>"; };
		39FF9B6A2E55D9EA00EC0EE8 /* AppSession.swift */ = {isa = PBXFileReference; lastKnownFileType = sourcecode.swift; path = AppSession.swift; sourceTree = "<group>"; };
/* End PBXFileReference section */

/* Begin PBXFrameworksBuildPhase section */
		396B63932E337D66007E4014 /* Frameworks */ = {
			isa = PBXFrameworksBuildPhase;
			buildActionMask = 2147483647;
			files = (
			);
			runOnlyForDeploymentPostprocessing = 0;
		};
/* End PBXFrameworksBuildPhase section */

/* Begin PBXGroup section */
		390660562E5865BE0068157E /* settings */ = {
			isa = PBXGroup;
			children = (
				390660572E5865D80068157E /* SettingsView.swift */,
			);
			path = settings;
			sourceTree = "<group>";
		};
		391013282E4B3F7C005DDD2C /* Resources */ = {
			isa = PBXGroup;
			children = (
				396B639D2E337D67007E4014 /* Assets.xcassets */,
				3910132F2E4B465E005DDD2C /* Localizable.xcstrings */,
			);
			path = Resources;
			sourceTree = "<group>";
		};
		396B638D2E337D66007E4014 = {
			isa = PBXGroup;
			children = (
				396B63982E337D66007E4014 /* com.iso.IoTSynHealthApp */,
				396B63972E337D66007E4014 /* Products */,
			);
			sourceTree = "<group>";
		};
		396B63972E337D66007E4014 /* Products */ = {
			isa = PBXGroup;
			children = (
				396B63962E337D66007E4014 /* com.iso.IoTSynHealthApp.app */,
			);
			name = Products;
			sourceTree = "<group>";
		};
		396B63982E337D66007E4014 /* com.iso.IoTSynHealthApp */ = {
			isa = PBXGroup;
			children = (
				3981AB942E616638001082F6 /* com.iso.IoTSynHealthApp.entitlements */,
				39BDC9162E605E59001FC793 /* com-iso-IoTSynHealthApp-Info.plist */,
				396B63B82E3390E6007E4014 /* app */,
				396B63B72E3390BC007E4014 /* services */,
				396B63B62E3390A6007E4014 /* networking */,
				39BDC90E2E605388001FC793 /* views */,
				39BDC9132E6057F5001FC793 /* Helpers */,
				39BDC90D2E605359001FC793 /* viewmodels */,
				396B63B52E339096007E4014 /* models */,
				396B63AF2E338DA5007E4014 /* ui */,
				396B63AA2E338BE5007E4014 /* Common */,
				39EB5DAD2E4607D200D8E02A /* Util */,
				391013282E4B3F7C005DDD2C /* Resources */,
				396B639F2E337D67007E4014 /* Preview Content */,
			);
			path = com.iso.IoTSynHealthApp;
			sourceTree = "<group>";
		};
		396B639F2E337D67007E4014 /* Preview Content */ = {
			isa = PBXGroup;
			children = (
				396B63A02E337D67007E4014 /* Preview Assets.xcassets */,
			);
			path = "Preview Content";
			sourceTree = "<group>";
		};
		396B63AA2E338BE5007E4014 /* Common */ = {
			isa = PBXGroup;
			children = (
				392A62BD2E5EC1B4002DE1B0 /* ProgressCircleview.swift */,
				391013312E4B5136005DDD2C /* ErrorView.swift */,
				396B63B32E33905C007E4014 /* Components */,
			);
			path = Common;
			sourceTree = "<group>";
		};
		396B63AF2E338DA5007E4014 /* ui */ = {
			isa = PBXGroup;
			children = (
				390660562E5865BE0068157E /* settings */,
				39FF9B652E55CFC100EC0EE8 /* sidemenu */,
				39EB5DB02E46085000D8E02A /* main */,
				396B63B02E338DB3007E4014 /* landing */,
			);
			path = ui;
			sourceTree = "<group>";
		};
		396B63B02E338DB3007E4014 /* landing */ = {
			isa = PBXGroup;
			children = (
				39B8CB7D2E4C8C46005F030A /* ForgotPasswordView.swift */,
				39B8CB802E4C99B8005F030A /* RegisterScreen.swift */,
				39169EF92E4A042800BB44B5 /* LandingView.swift */,
				396B63B12E338DC1007E4014 /* LoginView.swift */,
				39EB5DAA2E45F94400D8E02A /* SplashScreenView.swift */,
			);
			path = landing;
			sourceTree = "<group>";
		};
		396B63B32E33905C007E4014 /* Components */ = {
			isa = PBXGroup;
			children = (
				39B8CB7A2E4C830B005F030A /* Toolbar.swift */,
				39B8CB772E4C8057005F030A /* CustomText.swift */,
				396B63A82E338BAE007E4014 /* CustomTextField.swift */,
				39CF538F2E4DE18300B45BEE /* CustomTextFieldWithLabel.swift */,
				39EEB94E2E378B5A00AD2F26 /* CustomButton.swift */,
			);
			path = Components;
			sourceTree = "<group>";
		};
		396B63B52E339096007E4014 /* models */ = {
			isa = PBXGroup;
			children = (
				39BDC90F2E6053D8001FC793 /* Activity.swift */,
			);
			path = models;
			sourceTree = "<group>";
		};
		396B63B62E3390A6007E4014 /* networking */ = {
			isa = PBXGroup;
			children = (
			);
			path = networking;
			sourceTree = "<group>";
		};
		396B63B72E3390BC007E4014 /* services */ = {
			isa = PBXGroup;
			children = (
			);
			path = services;
			sourceTree = "<group>";
		};
		396B63B82E3390E6007E4014 /* app */ = {
			isa = PBXGroup;
			children = (
				396B639B2E337D66007E4014 /* RootView.swift */,
				396B63AD2E338C85007E4014 /* IoTSynHealthApp.swift */,
			);
			path = app;
			sourceTree = "<group>";
		};
		39BDC90D2E605359001FC793 /* viewmodels */ = {
			isa = PBXGroup;
			children = (
				39BDC9112E6055E7001FC793 /* HomeViewModel.swift */,
			);
			path = viewmodels;
			sourceTree = "<group>";
		};
		39BDC90E2E605388001FC793 /* views */ = {
			isa = PBXGroup;
			children = (
				392A62BF2E5F1459002DE1B0 /* ActivityCard.swift */,
			);
			path = views;
			sourceTree = "<group>";
		};
		39BDC9132E6057F5001FC793 /* Helpers */ = {
			isa = PBXGroup;
			children = (
				39BDC9142E605806001FC793 /* HealthManager.swift */,
			);
			path = Helpers;
			sourceTree = "<group>";
		};
		39EB5DAD2E4607D200D8E02A /* Util */ = {
			isa = PBXGroup;
			children = (
				39BDC9172E606C31001FC793 /* DateUtil.swift */,
				39FF9B612E55BFA900EC0EE8 /* SideMenuUtil.swift */,
				39FF9B6A2E55D9EA00EC0EE8 /* AppSession.swift */,
				39555BAE2E4F336E00710F1C /* AppUtils.swift */,
				39EB5DAE2E4607E200D8E02A /* NavigationManager.swift */,
				39CF53912E4DE9E700B45BEE /* BaseScrollVStrack.swift */,
			);
			path = Util;
			sourceTree = "<group>";
		};
		39EB5DB02E46085000D8E02A /* main */ = {
			isa = PBXGroup;
			children = (
				39FF9B632E55C07A00EC0EE8 /* HomeView.swift */,
				39EB5DB12E46087D00D8E02A /* MainView.swift */,
			);
			path = main;
			sourceTree = "<group>";
		};
		39FF9B652E55CFC100EC0EE8 /* sidemenu */ = {
			isa = PBXGroup;
			children = (
				39FF9B682E55D26400EC0EE8 /* SideMenuContent.swift */,
				39FF9B662E55CFF800EC0EE8 /* MenuItem.swift */,
			);
			path = sidemenu;
			sourceTree = "<group>";
		};
/* End PBXGroup section */

/* Begin PBXNativeTarget section */
		396B63952E337D66007E4014 /* com.iso.IoTSynHealthApp */ = {
			isa = PBXNativeTarget;
			buildConfigurationList = 396B63A42E337D67007E4014 /* Build configuration list for PBXNativeTarget "com.iso.IoTSynHealthApp" */;
			buildPhases = (
				396B63922E337D66007E4014 /* Sources */,
				396B63932E337D66007E4014 /* Frameworks */,
				396B63942E337D66007E4014 /* Resources */,
			);
			buildRules = (
			);
			dependencies = (
			);
			name = com.iso.IoTSynHealthApp;
			productName = com.iso.IoTSynHealthApp;
			productReference = 396B63962E337D66007E4014 /* com.iso.IoTSynHealthApp.app */;
			productType = "com.apple.product-type.application";
		};
/* End PBXNativeTarget section */

/* Begin PBXProject section */
		396B638E2E337D66007E4014 /* Project object */ = {
			isa = PBXProject;
			attributes = {
				BuildIndependentTargetsInParallel = 1;
				LastSwiftUpdateCheck = 1510;
				LastUpgradeCheck = 1640;
				TargetAttributes = {
					396B63952E337D66007E4014 = {
						CreatedOnToolsVersion = 15.1;
					};
				};
			};
			buildConfigurationList = 396B63912E337D66007E4014 /* Build configuration list for PBXProject "com.iso.IoTSynHealthApp" */;
			compatibilityVersion = "Xcode 14.0";
			developmentRegion = en;
			hasScannedForEncodings = 0;
			knownRegions = (
				en,
				Base,
				vi,
			);
			mainGroup = 396B638D2E337D66007E4014;
			productRefGroup = 396B63972E337D66007E4014 /* Products */;
			projectDirPath = "";
			projectRoot = "";
			targets = (
				396B63952E337D66007E4014 /* com.iso.IoTSynHealthApp */,
			);
		};
/* End PBXProject section */

/* Begin PBXResourcesBuildPhase section */
		396B63942E337D66007E4014 /* Resources */ = {
			isa = PBXResourcesBuildPhase;
			buildActionMask = 2147483647;
			files = (
				396B63A12E337D67007E4014 /* Preview Assets.xcassets in Resources */,
				396B639E2E337D67007E4014 /* Assets.xcassets in Resources */,
				391013302E4B465E005DDD2C /* Localizable.xcstrings in Resources */,
			);
			runOnlyForDeploymentPostprocessing = 0;
		};
/* End PBXResourcesBuildPhase section */

/* Begin PBXSourcesBuildPhase section */
		396B63922E337D66007E4014 /* Sources */ = {
			isa = PBXSourcesBuildPhase;
			buildActionMask = 2147483647;
			files = (
				392A62C02E5F1461002DE1B0 /* ActivityCard.swift in Sources */,
				39BDC9182E606C37001FC793 /* DateUtil.swift in Sources */,
				39B8CB782E4C8066005F030A /* CustomText.swift in Sources */,
				39EB5DAB2E45F94800D8E02A /* SplashScreenView.swift in Sources */,
				39EB5DB22E46087F00D8E02A /* MainView.swift in Sources */,
				396B63B22E338DC1007E4014 /* LoginView.swift in Sources */,
				39B8CB812E4C99B8005F030A /* RegisterScreen.swift in Sources */,
				396B639C2E337D66007E4014 /* RootView.swift in Sources */,
				39FF9B6B2E55D9EC00EC0EE8 /* AppSession.swift in Sources */,
				39FF9B642E55C07F00EC0EE8 /* HomeView.swift in Sources */,
				39B8CB7B2E4C8311005F030A /* Toolbar.swift in Sources */,
				39BDC9122E6055F8001FC793 /* HomeViewModel.swift in Sources */,
				396B63AE2E338C85007E4014 /* IoTSynHealthApp.swift in Sources */,
				39169EFA2E4A042E00BB44B5 /* LandingView.swift in Sources */,
				39EB5DAF2E4607E400D8E02A /* NavigationManager.swift in Sources */,
				39FF9B622E55BFA900EC0EE8 /* SideMenuUtil.swift in Sources */,
				39CF53922E4DE9F800B45BEE /* BaseScrollVStrack.swift in Sources */,
				396B63A92E338BAE007E4014 /* CustomTextField.swift in Sources */,
				391013322E4B5139005DDD2C /* ErrorView.swift in Sources */,
				392A62BE2E5EC1E1002DE1B0 /* ProgressCircleview.swift in Sources */,
				39555BAF2E4F337600710F1C /* AppUtils.swift in Sources */,
				39B8CB7E2E4C8C53005F030A /* ForgotPasswordView.swift in Sources */,
				39FF9B692E55D26C00EC0EE8 /* SideMenuContent.swift in Sources */,
				39FF9B672E55D00800EC0EE8 /* MenuItem.swift in Sources */,
				390660582E5865DD0068157E /* SettingsView.swift in Sources */,
				39CF53902E4DE18300B45BEE /* CustomTextFieldWithLabel.swift in Sources */,
				39BDC9102E6053DA001FC793 /* Activity.swift in Sources */,
				39EEB94F2E378B5A00AD2F26 /* CustomButton.swift in Sources */,
				39BDC9152E605813001FC793 /* HealthManager.swift in Sources */,
			);
			runOnlyForDeploymentPostprocessing = 0;
		};
/* End PBXSourcesBuildPhase section */

/* Begin XCBuildConfiguration section */
		396B63A22E337D67007E4014 /* Debug */ = {
			isa = XCBuildConfiguration;
			buildSettings = {
				ALWAYS_SEARCH_USER_PATHS = NO;
				ASSETCATALOG_COMPILER_GENERATE_SWIFT_ASSET_SYMBOL_EXTENSIONS = YES;
				CLANG_ANALYZER_LOCALIZABILITY_NONLOCALIZED = YES;
				CLANG_ANALYZER_NONNULL = YES;
				CLANG_ANALYZER_NUMBER_OBJECT_CONVERSION = YES_AGGRESSIVE;
				CLANG_CXX_LANGUAGE_STANDARD = "gnu++20";
				CLANG_ENABLE_MODULES = YES;
				CLANG_ENABLE_OBJC_ARC = YES;
				CLANG_ENABLE_OBJC_WEAK = YES;
				CLANG_WARN_BLOCK_CAPTURE_AUTORELEASING = YES;
				CLANG_WARN_BOOL_CONVERSION = YES;
				CLANG_WARN_COMMA = YES;
				CLANG_WARN_CONSTANT_CONVERSION = YES;
				CLANG_WARN_DEPRECATED_OBJC_IMPLEMENTATIONS = YES;
				CLANG_WARN_DIRECT_OBJC_ISA_USAGE = YES_ERROR;
				CLANG_WARN_DOCUMENTATION_COMMENTS = YES;
				CLANG_WARN_EMPTY_BODY = YES;
				CLANG_WARN_ENUM_CONVERSION = YES;
				CLANG_WARN_INFINITE_RECURSION = YES;
				CLANG_WARN_INT_CONVERSION = YES;
				CLANG_WARN_NON_LITERAL_NULL_CONVERSION = YES;
				CLANG_WARN_OBJC_IMPLICIT_RETAIN_SELF = YES;
				CLANG_WARN_OBJC_LITERAL_CONVERSION = YES;
				CLANG_WARN_OBJC_ROOT_CLASS = YES_ERROR;
				CLANG_WARN_QUOTED_INCLUDE_IN_FRAMEWORK_HEADER = YES;
				CLANG_WARN_RANGE_LOOP_ANALYSIS = YES;
				CLANG_WARN_STRICT_PROTOTYPES = YES;
				CLANG_WARN_SUSPICIOUS_MOVE = YES;
				CLANG_WARN_UNGUARDED_AVAILABILITY = YES_AGGRESSIVE;
				CLANG_WARN_UNREACHABLE_CODE = YES;
				CLANG_WARN__DUPLICATE_METHOD_MATCH = YES;
				COPY_PHASE_STRIP = NO;
				DEBUG_INFORMATION_FORMAT = dwarf;
				DEVELOPMENT_TEAM = ACAF56Z8D4;
				ENABLE_STRICT_OBJC_MSGSEND = YES;
				ENABLE_TESTABILITY = YES;
				ENABLE_USER_SCRIPT_SANDBOXING = YES;
				GCC_C_LANGUAGE_STANDARD = gnu17;
				GCC_DYNAMIC_NO_PIC = NO;
				GCC_NO_COMMON_BLOCKS = YES;
				GCC_OPTIMIZATION_LEVEL = 0;
				GCC_PREPROCESSOR_DEFINITIONS = (
					"DEBUG=1",
					"$(inherited)",
				);
				GCC_WARN_64_TO_32_BIT_CONVERSION = YES;
				GCC_WARN_ABOUT_RETURN_TYPE = YES_ERROR;
				GCC_WARN_UNDECLARED_SELECTOR = YES;
				GCC_WARN_UNINITIALIZED_AUTOS = YES_AGGRESSIVE;
				GCC_WARN_UNUSED_FUNCTION = YES;
				GCC_WARN_UNUSED_VARIABLE = YES;
				IPHONEOS_DEPLOYMENT_TARGET = 17.2;
				LOCALIZATION_PREFERS_STRING_CATALOGS = YES;
				MTL_ENABLE_DEBUG_INFO = INCLUDE_SOURCE;
				MTL_FAST_MATH = YES;
				ONLY_ACTIVE_ARCH = YES;
				SDKROOT = iphoneos;
				SWIFT_ACTIVE_COMPILATION_CONDITIONS = "DEBUG $(inherited)";
				SWIFT_EMIT_LOC_STRINGS = YES;
				SWIFT_OPTIMIZATION_LEVEL = "-Onone";
			};
			name = Debug;
		};
		396B63A32E337D67007E4014 /* Release */ = {
			isa = XCBuildConfiguration;
			buildSettings = {
				ALWAYS_SEARCH_USER_PATHS = NO;
				ASSETCATALOG_COMPILER_GENERATE_SWIFT_ASSET_SYMBOL_EXTENSIONS = YES;
				CLANG_ANALYZER_LOCALIZABILITY_NONLOCALIZED = YES;
				CLANG_ANALYZER_NONNULL = YES;
				CLANG_ANALYZER_NUMBER_OBJECT_CONVERSION = YES_AGGRESSIVE;
				CLANG_CXX_LANGUAGE_STANDARD = "gnu++20";
				CLANG_ENABLE_MODULES = YES;
				CLANG_ENABLE_OBJC_ARC = YES;
				CLANG_ENABLE_OBJC_WEAK = YES;
				CLANG_WARN_BLOCK_CAPTURE_AUTORELEASING = YES;
				CLANG_WARN_BOOL_CONVERSION = YES;
				CLANG_WARN_COMMA = YES;
				CLANG_WARN_CONSTANT_CONVERSION = YES;
				CLANG_WARN_DEPRECATED_OBJC_IMPLEMENTATIONS = YES;
				CLANG_WARN_DIRECT_OBJC_ISA_USAGE = YES_ERROR;
				CLANG_WARN_DOCUMENTATION_COMMENTS = YES;
				CLANG_WARN_EMPTY_BODY = YES;
				CLANG_WARN_ENUM_CONVERSION = YES;
				CLANG_WARN_INFINITE_RECURSION = YES;
				CLANG_WARN_INT_CONVERSION = YES;
				CLANG_WARN_NON_LITERAL_NULL_CONVERSION = YES;
				CLANG_WARN_OBJC_IMPLICIT_RETAIN_SELF = YES;
				CLANG_WARN_OBJC_LITERAL_CONVERSION = YES;
				CLANG_WARN_OBJC_ROOT_CLASS = YES_ERROR;
				CLANG_WARN_QUOTED_INCLUDE_IN_FRAMEWORK_HEADER = YES;
				CLANG_WARN_RANGE_LOOP_ANALYSIS = YES;
				CLANG_WARN_STRICT_PROTOTYPES = YES;
				CLANG_WARN_SUSPICIOUS_MOVE = YES;
				CLANG_WARN_UNGUARDED_AVAILABILITY = YES_AGGRESSIVE;
				CLANG_WARN_UNREACHABLE_CODE = YES;
				CLANG_WARN__DUPLICATE_METHOD_MATCH = YES;
				COPY_PHASE_STRIP = NO;
				DEBUG_INFORMATION_FORMAT = "dwarf-with-dsym";
				DEVELOPMENT_TEAM = ACAF56Z8D4;
				ENABLE_NS_ASSERTIONS = NO;
				ENABLE_STRICT_OBJC_MSGSEND = YES;
				ENABLE_USER_SCRIPT_SANDBOXING = YES;
				GCC_C_LANGUAGE_STANDARD = gnu17;
				GCC_NO_COMMON_BLOCKS = YES;
				GCC_WARN_64_TO_32_BIT_CONVERSION = YES;
				GCC_WARN_ABOUT_RETURN_TYPE = YES_ERROR;
				GCC_WARN_UNDECLARED_SELECTOR = YES;
				GCC_WARN_UNINITIALIZED_AUTOS = YES_AGGRESSIVE;
				GCC_WARN_UNUSED_FUNCTION = YES;
				GCC_WARN_UNUSED_VARIABLE = YES;
				IPHONEOS_DEPLOYMENT_TARGET = 17.2;
				LOCALIZATION_PREFERS_STRING_CATALOGS = YES;
				MTL_ENABLE_DEBUG_INFO = NO;
				MTL_FAST_MATH = YES;
				SDKROOT = iphoneos;
				SWIFT_COMPILATION_MODE = wholemodule;
				SWIFT_EMIT_LOC_STRINGS = YES;
				VALIDATE_PRODUCT = YES;
			};
			name = Release;
		};
		396B63A52E337D67007E4014 /* Debug */ = {
			isa = XCBuildConfiguration;
			buildSettings = {
				ASSETCATALOG_COMPILER_APPICON_NAME = AppIcon;
				ASSETCATALOG_COMPILER_GLOBAL_ACCENT_COLOR_NAME = AccentColor;
				CODE_SIGN_ENTITLEMENTS = com.iso.IoTSynHealthApp/com.iso.IoTSynHealthApp.entitlements;
				CODE_SIGN_STYLE = Automatic;
				CURRENT_PROJECT_VERSION = 1;
				DEVELOPMENT_ASSET_PATHS = "\"com.iso.IoTSynHealthApp/Preview Content\"";
				ENABLE_PREVIEWS = YES;
				GENERATE_INFOPLIST_FILE = YES;
				INFOPLIST_FILE = "com-iso-IoTSynHealthApp-Info.plist";
				INFOPLIST_KEY_CFBundleDisplayName = MyHealthApp;
				INFOPLIST_KEY_LSApplicationCategoryType = "";
				INFOPLIST_KEY_NSHealthShareUsageDescription = "Please allow access to enjoy all features of the app";
				INFOPLIST_KEY_NSHomeKitUsageDescription = "Please allow access to enjoy all features of the app";
				INFOPLIST_KEY_UIApplicationSceneManifest_Generation = YES;
				INFOPLIST_KEY_UIApplicationSupportsIndirectInputEvents = YES;
				INFOPLIST_KEY_UILaunchScreen_Generation = YES;
				INFOPLIST_KEY_UISupportedInterfaceOrientations_iPad = "UIInterfaceOrientationPortrait UIInterfaceOrientationPortraitUpsideDown UIInterfaceOrientationLandscapeLeft UIInterfaceOrientationLandscapeRight";
				INFOPLIST_KEY_UISupportedInterfaceOrientations_iPhone = "UIInterfaceOrientationPortrait UIInterfaceOrientationLandscapeLeft UIInterfaceOrientationLandscapeRight";
				LD_RUNPATH_SEARCH_PATHS = (
					"$(inherited)",
					"@executable_path/Frameworks",
				);
				MARKETING_VERSION = 1.0;
				PRODUCT_BUNDLE_IDENTIFIER = com.pvt.IoTSynHealthApp;
				PRODUCT_NAME = "$(TARGET_NAME)";
				SWIFT_EMIT_LOC_STRINGS = YES;
				SWIFT_VERSION = 5.0;
				TARGETED_DEVICE_FAMILY = "1,2";
			};
			name = Debug;
		};
		396B63A62E337D67007E4014 /* Release */ = {
			isa = XCBuildConfiguration;
			buildSettings = {
				ASSETCATALOG_COMPILER_APPICON_NAME = AppIcon;
				ASSETCATALOG_COMPILER_GLOBAL_ACCENT_COLOR_NAME = AccentColor;
				CODE_SIGN_ENTITLEMENTS = com.iso.IoTSynHealthApp/com.iso.IoTSynHealthApp.entitlements;
				CODE_SIGN_IDENTITY = "Apple Development";
				CODE_SIGN_STYLE = Automatic;
				CURRENT_PROJECT_VERSION = 1;
				DEVELOPMENT_ASSET_PATHS = "\"com.iso.IoTSynHealthApp/Preview Content\"";
				ENABLE_PREVIEWS = YES;
				GENERATE_INFOPLIST_FILE = YES;
				INFOPLIST_FILE = "com-iso-IoTSynHealthApp-Info.plist";
				INFOPLIST_KEY_CFBundleDisplayName = MyHealthApp;
				INFOPLIST_KEY_LSApplicationCategoryType = "";
				INFOPLIST_KEY_NSHealthShareUsageDescription = "Please allow access to enjoy all features of the app";
				INFOPLIST_KEY_NSHomeKitUsageDescription = "Please allow access to enjoy all features of the app";
				INFOPLIST_KEY_UIApplicationSceneManifest_Generation = YES;
				INFOPLIST_KEY_UIApplicationSupportsIndirectInputEvents = YES;
				INFOPLIST_KEY_UILaunchScreen_Generation = YES;
				INFOPLIST_KEY_UISupportedInterfaceOrientations_iPad = "UIInterfaceOrientationPortrait UIInterfaceOrientationPortraitUpsideDown UIInterfaceOrientationLandscapeLeft UIInterfaceOrientationLandscapeRight";
				INFOPLIST_KEY_UISupportedInterfaceOrientations_iPhone = "UIInterfaceOrientationPortrait UIInterfaceOrientationLandscapeLeft UIInterfaceOrientationLandscapeRight";
				LD_RUNPATH_SEARCH_PATHS = (
					"$(inherited)",
					"@executable_path/Frameworks",
				);
				MARKETING_VERSION = 1.0;
				PRODUCT_BUNDLE_IDENTIFIER = com.pvt.IoTSynHealthApp;
				PRODUCT_NAME = "$(TARGET_NAME)";
				PROVISIONING_PROFILE_SPECIFIER = "";
				SWIFT_EMIT_LOC_STRINGS = YES;
				SWIFT_VERSION = 5.0;
				TARGETED_DEVICE_FAMILY = "1,2";
			};
			name = Release;
		};
/* End XCBuildConfiguration section */

/* Begin XCConfigurationList section */
		396B63912E337D66007E4014 /* Build configuration list for PBXProject "com.iso.IoTSynHealthApp" */ = {
			isa = XCConfigurationList;
			buildConfigurations = (
				396B63A22E337D67007E4014 /* Debug */,
				396B63A32E337D67007E4014 /* Release */,
			);
			defaultConfigurationIsVisible = 0;
			defaultConfigurationName = Release;
		};
		396B63A42E337D67007E4014 /* Build configuration list for PBXNativeTarget "com.iso.IoTSynHealthApp" */ = {
			isa = XCConfigurationList;
			buildConfigurations = (
				396B63A52E337D67007E4014 /* Debug */,
				396B63A62E337D67007E4014 /* Release */,
			);
			defaultConfigurationIsVisible = 0;
			defaultConfigurationName = Release;
		};
/* End XCConfigurationList section */
	};
	rootObject = 396B638E2E337D66007E4014 /* Project object */;
}
